
Microsoft Visual Studio Solution File, Format Version 12.00
# Visual Studio 2013
VisualStudioVersion = 12.0.31101.0
MinimumVisualStudioVersion = 10.0.40219.1
Project("{FAE04EC0-301F-11D3-BF4B-00C04F79EFBC}") = "TaskTimer", "TaskTimer\TaskTimer.csproj", "{DB12D95D-1332-41D6-B8F6-FF032EB8A6F9}"
EndProject
Global
	GlobalSection(SolutionConfigurationPlatforms) = preSolution
		Debug|Any CPU = Debug|Any CPU
		Release|Any CPU = Release|Any CPU
	EndGlobalSection
	GlobalSection(ProjectConfigurationPlatforms) = postSolution
		{DB12D95D-1332-41D6-B8F6-FF032EB8A6F9}.Debug|Any CPU.ActiveCfg = Debug|Any CPU
		{DB12D95D-1332-41D6-B8F6-FF032EB8A6F9}.Debug|Any CPU.Build.0 = Debug|Any CPU
		{DB12D95D-1332-41D6-B8F6-FF032EB8A6F9}.Release|Any CPU.ActiveCfg = Release|Any CPU
		{DB12D95D-1332-41D6-B8F6-FF032EB8A6F9}.Release|Any CPU.Build.0 = Release|Any CPU
	EndGlobalSection
	GlobalSection(SolutionProperties) = preSolution
		HideSolutionNode = FALSE
	EndGlobalSection
EndGlobal
